
Microsoft Visual Studio Solution File, Format Version 12.00
# Visual Studio 15
VisualStudioVersion = 15.0.26124.0
MinimumVisualStudioVersion = 15.0.26124.0
Project("{FAE04EC0-301F-11D3-BF4B-00C04F79EFBC}") = "AIR.UnityTestPilot", "UnityTestPilot\AIR.UnityTestPilot.csproj", "{EF7A48AA-7896-41E1-8C7B-3E897776CBEE}"
EndProject
Project("{FAE04EC0-301F-11D3-BF4B-00C04F79EFBC}") = "AIR.UnityTestPilotRemote.Client", "UnityTestPilot.RemoteClient\UnityTestPilotRemote.Client\AIR.UnityTestPilotRemote.Client.csproj", "{E3234625-356C-4E54-91F0-86CC2D6AB4F9}"
EndProject
Project("{FAE04EC0-301F-11D3-BF4B-00C04F79EFBC}") = "AIR.UnityTestPilotRemote.Common", "UnityTestPilot.RemoteClient\UnityTestPilotRemote.Common\AIR.UnityTestPilotRemote.Common.csproj", "{9B797FA2-2E33-4BBB-BDBF-C3C738C7B1E4}"
EndProject
Project("{FAE04EC0-301F-11D3-BF4B-00C04F79EFBC}") = "AIR.UnityTestPilotRemote.Tests", "UnityTestPilot.RemoteClient\UnityTestPilotRemote.Tests\AIR.UnityTestPilotRemote.Tests.csproj", "{304ED1C5-FC87-4F16-927A-15E960979FE2}"
EndProject
Project("{FAE04EC0-301F-11D3-BF4B-00C04F79EFBC}") = "AIR.UnityTestPilot.Native", "UnityExample\AIR.UnityTestPilot.Native.csproj", "{EDBE0406-57AA-6FBC-DEAA-4638CA14F69F}"
EndProject
Project("{FAE04EC0-301F-11D3-BF4B-00C04F79EFBC}") = "AIR.UnityTestPilotRemote.Host", "UnityExample\AIR.UnityTestPilotRemote.Host.csproj", "{B155D523-C071-BBD3-CC55-3F06BF2EB859}"
EndProject
Project("{FAE04EC0-301F-11D3-BF4B-00C04F79EFBC}") = "Assembly-CSharp", "UnityExample\Assembly-CSharp.csproj", "{CE6CC3C3-EFD9-8291-FB5C-9EC14965F3E8}"
EndProject
Project("{FAE04EC0-301F-11D3-BF4B-00C04F79EFBC}") = "AIR.UnityTestPilot.Native.Tests", "UnityExample\AIR.UnityTestPilot.Native.Tests.csproj", "{F077E861-208E-5537-A2DD-4456279D85CB}"
EndProject
Global
	GlobalSection(SolutionConfigurationPlatforms) = preSolution
		Debug|Any CPU = Debug|Any CPU
		Debug|x64 = Debug|x64
		Debug|x86 = Debug|x86
		Release|Any CPU = Release|Any CPU
		Release|x64 = Release|x64
		Release|x86 = Release|x86
	EndGlobalSection
	GlobalSection(SolutionProperties) = preSolution
		HideSolutionNode = FALSE
	EndGlobalSection
	GlobalSection(ProjectConfigurationPlatforms) = postSolution
		{EF7A48AA-7896-41E1-8C7B-3E897776CBEE}.Debug|Any CPU.ActiveCfg = Debug|Any CPU
		{EF7A48AA-7896-41E1-8C7B-3E897776CBEE}.Debug|Any CPU.Build.0 = Debug|Any CPU
		{EF7A48AA-7896-41E1-8C7B-3E897776CBEE}.Debug|x64.ActiveCfg = Debug|Any CPU
		{EF7A48AA-7896-41E1-8C7B-3E897776CBEE}.Debug|x64.Build.0 = Debug|Any CPU
		{EF7A48AA-7896-41E1-8C7B-3E897776CBEE}.Debug|x86.ActiveCfg = Debug|Any CPU
		{EF7A48AA-7896-41E1-8C7B-3E897776CBEE}.Debug|x86.Build.0 = Debug|Any CPU
		{EF7A48AA-7896-41E1-8C7B-3E897776CBEE}.Release|Any CPU.ActiveCfg = Release|Any CPU
		{EF7A48AA-7896-41E1-8C7B-3E897776CBEE}.Release|Any CPU.Build.0 = Release|Any CPU
		{EF7A48AA-7896-41E1-8C7B-3E897776CBEE}.Release|x64.ActiveCfg = Release|Any CPU
		{EF7A48AA-7896-41E1-8C7B-3E897776CBEE}.Release|x64.Build.0 = Release|Any CPU
		{EF7A48AA-7896-41E1-8C7B-3E897776CBEE}.Release|x86.ActiveCfg = Release|Any CPU
		{EF7A48AA-7896-41E1-8C7B-3E897776CBEE}.Release|x86.Build.0 = Release|Any CPU
		{E3234625-356C-4E54-91F0-86CC2D6AB4F9}.Debug|Any CPU.ActiveCfg = Debug|Any CPU
		{E3234625-356C-4E54-91F0-86CC2D6AB4F9}.Debug|Any CPU.Build.0 = Debug|Any CPU
		{E3234625-356C-4E54-91F0-86CC2D6AB4F9}.Debug|x64.ActiveCfg = Debug|Any CPU
		{E3234625-356C-4E54-91F0-86CC2D6AB4F9}.Debug|x64.Build.0 = Debug|Any CPU
		{E3234625-356C-4E54-91F0-86CC2D6AB4F9}.Debug|x86.ActiveCfg = Debug|Any CPU
		{E3234625-356C-4E54-91F0-86CC2D6AB4F9}.Debug|x86.Build.0 = Debug|Any CPU
		{E3234625-356C-4E54-91F0-86CC2D6AB4F9}.Release|Any CPU.ActiveCfg = Release|Any CPU
		{E3234625-356C-4E54-91F0-86CC2D6AB4F9}.Release|Any CPU.Build.0 = Release|Any CPU
		{E3234625-356C-4E54-91F0-86CC2D6AB4F9}.Release|x64.ActiveCfg = Release|Any CPU
		{E3234625-356C-4E54-91F0-86CC2D6AB4F9}.Release|x64.Build.0 = Release|Any CPU
		{E3234625-356C-4E54-91F0-86CC2D6AB4F9}.Release|x86.ActiveCfg = Release|Any CPU
		{E3234625-356C-4E54-91F0-86CC2D6AB4F9}.Release|x86.Build.0 = Release|Any CPU
		{9B797FA2-2E33-4BBB-BDBF-C3C738C7B1E4}.Debug|Any CPU.ActiveCfg = Debug|Any CPU
		{9B797FA2-2E33-4BBB-BDBF-C3C738C7B1E4}.Debug|Any CPU.Build.0 = Debug|Any CPU
		{9B797FA2-2E33-4BBB-BDBF-C3C738C7B1E4}.Debug|x64.ActiveCfg = Debug|Any CPU
		{9B797FA2-2E33-4BBB-BDBF-C3C738C7B1E4}.Debug|x64.Build.0 = Debug|Any CPU
		{9B797FA2-2E33-4BBB-BDBF-C3C738C7B1E4}.Debug|x86.ActiveCfg = Debug|Any CPU
		{9B797FA2-2E33-4BBB-BDBF-C3C738C7B1E4}.Debug|x86.Build.0 = Debug|Any CPU
		{9B797FA2-2E33-4BBB-BDBF-C3C738C7B1E4}.Release|Any CPU.ActiveCfg = Release|Any CPU
		{9B797FA2-2E33-4BBB-BDBF-C3C738C7B1E4}.Release|Any CPU.Build.0 = Release|Any CPU
		{9B797FA2-2E33-4BBB-BDBF-C3C738C7B1E4}.Release|x64.ActiveCfg = Release|Any CPU
		{9B797FA2-2E33-4BBB-BDBF-C3C738C7B1E4}.Release|x64.Build.0 = Release|Any CPU
		{9B797FA2-2E33-4BBB-BDBF-C3C738C7B1E4}.Release|x86.ActiveCfg = Release|Any CPU
		{9B797FA2-2E33-4BBB-BDBF-C3C738C7B1E4}.Release|x86.Build.0 = Release|Any CPU
		{304ED1C5-FC87-4F16-927A-15E960979FE2}.Debug|Any CPU.ActiveCfg = Debug|Any CPU
		{304ED1C5-FC87-4F16-927A-15E960979FE2}.Debug|Any CPU.Build.0 = Debug|Any CPU
		{304ED1C5-FC87-4F16-927A-15E960979FE2}.Debug|x64.ActiveCfg = Debug|Any CPU
		{304ED1C5-FC87-4F16-927A-15E960979FE2}.Debug|x64.Build.0 = Debug|Any CPU
		{304ED1C5-FC87-4F16-927A-15E960979FE2}.Debug|x86.ActiveCfg = Debug|Any CPU
		{304ED1C5-FC87-4F16-927A-15E960979FE2}.Debug|x86.Build.0 = Debug|Any CPU
		{304ED1C5-FC87-4F16-927A-15E960979FE2}.Release|Any CPU.ActiveCfg = Release|Any CPU
		{304ED1C5-FC87-4F16-927A-15E960979FE2}.Release|Any CPU.Build.0 = Release|Any CPU
		{304ED1C5-FC87-4F16-927A-15E960979FE2}.Release|x64.ActiveCfg = Release|Any CPU
		{304ED1C5-FC87-4F16-927A-15E960979FE2}.Release|x64.Build.0 = Release|Any CPU
		{304ED1C5-FC87-4F16-927A-15E960979FE2}.Release|x86.ActiveCfg = Release|Any CPU
		{304ED1C5-FC87-4F16-927A-15E960979FE2}.Release|x86.Build.0 = Release|Any CPU
		{EDBE0406-57AA-6FBC-DEAA-4638CA14F69F}.Debug|Any CPU.ActiveCfg = Debug|Any CPU
		{EDBE0406-57AA-6FBC-DEAA-4638CA14F69F}.Debug|Any CPU.Build.0 = Debug|Any CPU
		{EDBE0406-57AA-6FBC-DEAA-4638CA14F69F}.Debug|x64.ActiveCfg = Debug|Any CPU
		{EDBE0406-57AA-6FBC-DEAA-4638CA14F69F}.Debug|x64.Build.0 = Debug|Any CPU
		{EDBE0406-57AA-6FBC-DEAA-4638CA14F69F}.Debug|x86.ActiveCfg = Debug|Any CPU
		{EDBE0406-57AA-6FBC-DEAA-4638CA14F69F}.Debug|x86.Build.0 = Debug|Any CPU
		{EDBE0406-57AA-6FBC-DEAA-4638CA14F69F}.Release|Any CPU.ActiveCfg = Release|Any CPU
		{EDBE0406-57AA-6FBC-DEAA-4638CA14F69F}.Release|Any CPU.Build.0 = Release|Any CPU
		{EDBE0406-57AA-6FBC-DEAA-4638CA14F69F}.Release|x64.ActiveCfg = Release|Any CPU
		{EDBE0406-57AA-6FBC-DEAA-4638CA14F69F}.Release|x64.Build.0 = Release|Any CPU
		{EDBE0406-57AA-6FBC-DEAA-4638CA14F69F}.Release|x86.ActiveCfg = Release|Any CPU
		{EDBE0406-57AA-6FBC-DEAA-4638CA14F69F}.Release|x86.Build.0 = Release|Any CPU
		{B155D523-C071-BBD3-CC55-3F06BF2EB859}.Debug|Any CPU.ActiveCfg = Debug|Any CPU
		{B155D523-C071-BBD3-CC55-3F06BF2EB859}.Debug|Any CPU.Build.0 = Debug|Any CPU
		{B155D523-C071-BBD3-CC55-3F06BF2EB859}.Debug|x64.ActiveCfg = Debug|Any CPU
		{B155D523-C071-BBD3-CC55-3F06BF2EB859}.Debug|x64.Build.0 = Debug|Any CPU
		{B155D523-C071-BBD3-CC55-3F06BF2EB859}.Debug|x86.ActiveCfg = Debug|Any CPU
		{B155D523-C071-BBD3-CC55-3F06BF2EB859}.Debug|x86.Build.0 = Debug|Any CPU
		{B155D523-C071-BBD3-CC55-3F06BF2EB859}.Release|Any CPU.ActiveCfg = Release|Any CPU
		{B155D523-C071-BBD3-CC55-3F06BF2EB859}.Release|Any CPU.Build.0 = Release|Any CPU
		{B155D523-C071-BBD3-CC55-3F06BF2EB859}.Release|x64.ActiveCfg = Release|Any CPU
		{B155D523-C071-BBD3-CC55-3F06BF2EB859}.Release|x64.Build.0 = Release|Any CPU
		{B155D523-C071-BBD3-CC55-3F06BF2EB859}.Release|x86.ActiveCfg = Release|Any CPU
		{B155D523-C071-BBD3-CC55-3F06BF2EB859}.Release|x86.Build.0 = Release|Any CPU
		{CE6CC3C3-EFD9-8291-FB5C-9EC14965F3E8}.Debug|Any CPU.ActiveCfg = Debug|Any CPU
		{CE6CC3C3-EFD9-8291-FB5C-9EC14965F3E8}.Debug|Any CPU.Build.0 = Debug|Any CPU
		{CE6CC3C3-EFD9-8291-FB5C-9EC14965F3E8}.Debug|x64.ActiveCfg = Debug|Any CPU
		{CE6CC3C3-EFD9-8291-FB5C-9EC14965F3E8}.Debug|x64.Build.0 = Debug|Any CPU
		{CE6CC3C3-EFD9-8291-FB5C-9EC14965F3E8}.Debug|x86.ActiveCfg = Debug|Any CPU
		{CE6CC3C3-EFD9-8291-FB5C-9EC14965F3E8}.Debug|x86.Build.0 = Debug|Any CPU
		{CE6CC3C3-EFD9-8291-FB5C-9EC14965F3E8}.Release|Any CPU.ActiveCfg = Release|Any CPU
		{CE6CC3C3-EFD9-8291-FB5C-9EC14965F3E8}.Release|Any CPU.Build.0 = Release|Any CPU
		{CE6CC3C3-EFD9-8291-FB5C-9EC14965F3E8}.Release|x64.ActiveCfg = Release|Any CPU
		{CE6CC3C3-EFD9-8291-FB5C-9EC14965F3E8}.Release|x64.Build.0 = Release|Any CPU
		{CE6CC3C3-EFD9-8291-FB5C-9EC14965F3E8}.Release|x86.ActiveCfg = Release|Any CPU
		{CE6CC3C3-EFD9-8291-FB5C-9EC14965F3E8}.Release|x86.Build.0 = Release|Any CPU
		{F077E861-208E-5537-A2DD-4456279D85CB}.Debug|Any CPU.ActiveCfg = Debug|Any CPU
		{F077E861-208E-5537-A2DD-4456279D85CB}.Debug|Any CPU.Build.0 = Debug|Any CPU
		{F077E861-208E-5537-A2DD-4456279D85CB}.Debug|x64.ActiveCfg = Debug|Any CPU
		{F077E861-208E-5537-A2DD-4456279D85CB}.Debug|x64.Build.0 = Debug|Any CPU
		{F077E861-208E-5537-A2DD-4456279D85CB}.Debug|x86.ActiveCfg = Debug|Any CPU
		{F077E861-208E-5537-A2DD-4456279D85CB}.Debug|x86.Build.0 = Debug|Any CPU
		{F077E861-208E-5537-A2DD-4456279D85CB}.Release|Any CPU.ActiveCfg = Release|Any CPU
		{F077E861-208E-5537-A2DD-4456279D85CB}.Release|Any CPU.Build.0 = Release|Any CPU
		{F077E861-208E-5537-A2DD-4456279D85CB}.Release|x64.ActiveCfg = Release|Any CPU
		{F077E861-208E-5537-A2DD-4456279D85CB}.Release|x64.Build.0 = Release|Any CPU
		{F077E861-208E-5537-A2DD-4456279D85CB}.Release|x86.ActiveCfg = Release|Any CPU
		{F077E861-208E-5537-A2DD-4456279D85CB}.Release|x86.Build.0 = Release|Any CPU
	EndGlobalSection
EndGlobal
